# THIS IS AN AUTOGENERATED FILE. DO NOT EDIT THIS FILE DIRECTLY.
# yarn lockfile v1


"@memsdb/utils@^0.1.0":
  version "0.1.0"
  resolved "https://registry.yarnpkg.com/@memsdb/utils/-/utils-0.1.0.tgz#d0305ecd6f763c0cdf582fe32707e166979aa064"
  integrity sha512-+IMIGscTTVSeRk1sZ/V1xc0DbtDW/lCkuJKyR+bNZCB6ZnOzcNmJjx2bP9dcDUCr0QglV0M+MNIEOPvlxwE9tA==
