# THIS IS AN AUTOGENERATED FILE. DO NOT EDIT THIS FILE DIRECTLY.
# yarn lockfile v1


"@memsdb/backup-void@^0.0.2":
  version "0.0.2"
  resolved "https://registry.yarnpkg.com/@memsdb/backup-void/-/backup-void-0.0.2.tgz#77c66e9d896fb8180a9dca7f1599bb7efdf5b657"
  integrity sha512-Ll+s/xei/mTYXh2x4ZCUvUL9eG06/+FQRpU6GLaf8rPVQNV71z4NNaOlKGGTaoN4BavCUbUHevFBywVDr1NW8g==

"@memsdb/core@^0.0.1":
  version "0.0.1"
  resolved "https://registry.yarnpkg.com/@memsdb/core/-/core-0.0.1.tgz#4020cd02fcd4aec74319e13c4265796bf4b6ecff"
  integrity sha512-3YRu8HVDQjvjTzOD8D7oS1q0vGm0x5wQFX0G1J4nbuvwwee56als8wge34DZBh2pCe130TtEYu56NeVUmtLXvg==
  dependencies:
    "@memsdb/backup-void" "^0.0.2"
    "@memsdb/storage-memory" "^0.0.1"
    "@memsdb/utils" "^0.0.1"
    debug "^4.3.1"
    smoldash "^0.9.0"
    uuid "^8.3.2"

"@memsdb/storage-memory@^0.0.1":
  version "0.0.1"
  resolved "https://registry.yarnpkg.com/@memsdb/storage-memory/-/storage-memory-0.0.1.tgz#5e6531fbe127e118c483633ce14bcf12fee4af0d"
  integrity sha512-m8q1Q0VXzQwev7Ogk5Z3w3D6zEbmgrQ4rCVpXrgPBYZxZ4DTW1Kln+11uUyouzM451NMh+06wGQI+pvgCgmmAw==

"@memsdb/types@^0.0.1":
  version "0.0.1"
  resolved "https://registry.yarnpkg.com/@memsdb/types/-/types-0.0.1.tgz#66ee08d1eda6c3bf0bc350190668eb8ed85961a8"
  integrity sha512-j7aX0q0wyrbZ1kPoKJgDVGjfMBCTVzxxQ8iLcGyVsrSi/I19z80FePfSWFI5lUK8L9Dp/NgXx3x4Y0UT4XxmoQ==

"@memsdb/utils@^0.0.1":
  version "0.0.1"
  resolved "https://registry.yarnpkg.com/@memsdb/utils/-/utils-0.0.1.tgz#f86b6ea3a931d2814fc6e3ee0ac1cab7a29ba48b"
  integrity sha512-uN77on15ZRkdBM6GQFE4al7Lz+3XAOFHdlLdHLv6G3A/rYljQy250lpzFsgY13/oJGphDEUIg7WNS+bdSXrxSw==

"@types/node@^16.0.0":
  version "16.0.0"
  resolved "https://registry.yarnpkg.com/@types/node/-/node-16.0.0.tgz#067a6c49dc7a5c2412a505628e26902ae967bf6f"
  integrity sha512-TmCW5HoZ2o2/z2EYi109jLqIaPIi9y/lc2LmDCWzuCi35bcaQ+OtUh6nwBiFK7SOu25FAU5+YKdqFZUwtqGSdg==

debug@^4.3.1:
  version "4.3.1"
  resolved "https://registry.yarnpkg.com/debug/-/debug-4.3.1.tgz#f0d229c505e0c6d8c49ac553d1b13dc183f6b2ee"
  integrity sha512-doEwdvm4PCeK4K3RQN2ZC2BYUBaxwLARCqZmMjtF8a51J2Rb0xpVloFRnCODwqjpwnAoao4pelN8l3RJdv3gRQ==
  dependencies:
    ms "2.1.2"

ms@2.1.2:
  version "2.1.2"
  resolved "https://registry.yarnpkg.com/ms/-/ms-2.1.2.tgz#d09d1f357b443f493382a8eb3ccd183872ae6009"
  integrity sha512-sGkPx+VjMtmA6MX27oA4FBFELFCZZ4S4XqeGOXCv68tT+jb3vk/RyaKWP0PTKyWtmLSM0b+adUTEvbs1PEaH2w==

smoldash@^0.9.0:
  version "0.9.0"
  resolved "https://registry.yarnpkg.com/smoldash/-/smoldash-0.9.0.tgz#50a7e7a5768a1bf286fd21c08a2b0fbb78d1806e"
  integrity sha512-9697pcbRjPMJ0fS1FKw+wgEFaRJ75nAy/XQy9ifR1D25CBHdxvqxw469Kkd0NZhCjh7Sc1wbwpQQhXrd+xg/7g==

typescript@^4.3.5:
  version "4.3.5"
  resolved "https://registry.yarnpkg.com/typescript/-/typescript-4.3.5.tgz#4d1c37cc16e893973c45a06886b7113234f119f4"
  integrity sha512-DqQgihaQ9cUrskJo9kIyW/+g0Vxsk8cDtZ52a3NGh0YNTfpUSArXSohyUGnvbPazEPLu398C0UxmKSOrPumUzA==

uuid@^8.3.2:
  version "8.3.2"
  resolved "https://registry.yarnpkg.com/uuid/-/uuid-8.3.2.tgz#80d5b5ced271bb9af6c445f21a1a04c606cefbe2"
  integrity sha512-+NYs2QeMWy+GWFOEm9xnn6HCDp0l7QBD7ml8zLUmJ+93Q5NF0NocErnwkTkXVFNiX3/fpC6afS8Dhb/gz7R7eg==
