# THIS IS AN AUTOGENERATED FILE. DO NOT EDIT THIS FILE DIRECTLY.
# yarn lockfile v1


"@memsdb/backup-void@^0.1.0":
  version "0.1.0"
  resolved "https://registry.yarnpkg.com/@memsdb/backup-void/-/backup-void-0.1.0.tgz#2d1f719f27342bbfa6f601903ff71cd13d1227dc"
  integrity sha512-EIYK8gAg40vl3KB3xWWPjyFrgiNxsO+0xNhMlXvz1BcAGOGLTS44xfaS12o/IPZhPrU774H0/KbQNg+xZuAt9g==

"@memsdb/storage-memory@^0.1.0":
  version "0.1.0"
  resolved "https://registry.yarnpkg.com/@memsdb/storage-memory/-/storage-memory-0.1.0.tgz#d1c6236fea0dfa31154fb5dea3ca2be26f00dfa8"
  integrity sha512-di9k6/3j74izkn5FOxkZ+5JuQzVeaB/fdmGKmBJrEHyhlpmxdePgkQXdPBxEi/1qlZjku1Yp7zxHnTx7bwxKyA==

"@memsdb/types@^0.1.0":
  version "0.1.0"
  resolved "https://registry.yarnpkg.com/@memsdb/types/-/types-0.1.0.tgz#8689140f8f7821697adebc2ac3afbae6b6f31f0c"
  integrity sha512-SODHsIJbhgAXPOiEwXjYnxHRnPMgKYGlu6+OXC06dCgKlgHSKv/VjLaR8WqU4Sx8QE0s5sZ15YRhrBBnrbrG2g==

"@memsdb/utils@^0.1.0":
  version "0.1.0"
  resolved "https://registry.yarnpkg.com/@memsdb/utils/-/utils-0.1.0.tgz#d0305ecd6f763c0cdf582fe32707e166979aa064"
  integrity sha512-+IMIGscTTVSeRk1sZ/V1xc0DbtDW/lCkuJKyR+bNZCB6ZnOzcNmJjx2bP9dcDUCr0QglV0M+MNIEOPvlxwE9tA==

"@types/debug@^4.1.6":
  version "4.1.6"
  resolved "https://registry.yarnpkg.com/@types/debug/-/debug-4.1.6.tgz#0b7018723084918a865eff99249c490505df2163"
  integrity sha512-7fDOJFA/x8B+sO1901BmHlf5dE1cxBU8mRXj8QOEDnn16hhGJv/IHxJtZhvsabZsIMn0eLIyeOKAeqSNJJYTpA==

"@types/uuid@^8.3.1":
  version "8.3.1"
  resolved "https://registry.yarnpkg.com/@types/uuid/-/uuid-8.3.1.tgz#1a32969cf8f0364b3d8c8af9cc3555b7805df14f"
  integrity sha512-Y2mHTRAbqfFkpjldbkHGY8JIzRN6XqYRliG8/24FcHm2D2PwW24fl5xMRTVGdrb7iMrwCaIEbLWerGIkXuFWVg==

debug@^4.3.1:
  version "4.3.1"
  resolved "https://registry.yarnpkg.com/debug/-/debug-4.3.1.tgz#f0d229c505e0c6d8c49ac553d1b13dc183f6b2ee"
  integrity sha512-doEwdvm4PCeK4K3RQN2ZC2BYUBaxwLARCqZmMjtF8a51J2Rb0xpVloFRnCODwqjpwnAoao4pelN8l3RJdv3gRQ==
  dependencies:
    ms "2.1.2"

ms@2.1.2:
  version "2.1.2"
  resolved "https://registry.yarnpkg.com/ms/-/ms-2.1.2.tgz#d09d1f357b443f493382a8eb3ccd183872ae6009"
  integrity sha512-sGkPx+VjMtmA6MX27oA4FBFELFCZZ4S4XqeGOXCv68tT+jb3vk/RyaKWP0PTKyWtmLSM0b+adUTEvbs1PEaH2w==

smoldash@^0.9.0:
  version "0.9.0"
  resolved "https://registry.yarnpkg.com/smoldash/-/smoldash-0.9.0.tgz#50a7e7a5768a1bf286fd21c08a2b0fbb78d1806e"
  integrity sha512-9697pcbRjPMJ0fS1FKw+wgEFaRJ75nAy/XQy9ifR1D25CBHdxvqxw469Kkd0NZhCjh7Sc1wbwpQQhXrd+xg/7g==

typescript@^4.3.5:
  version "4.3.5"
  resolved "https://registry.yarnpkg.com/typescript/-/typescript-4.3.5.tgz#4d1c37cc16e893973c45a06886b7113234f119f4"
  integrity sha512-DqQgihaQ9cUrskJo9kIyW/+g0Vxsk8cDtZ52a3NGh0YNTfpUSArXSohyUGnvbPazEPLu398C0UxmKSOrPumUzA==

uuid@^8.3.2:
  version "8.3.2"
  resolved "https://registry.yarnpkg.com/uuid/-/uuid-8.3.2.tgz#80d5b5ced271bb9af6c445f21a1a04c606cefbe2"
  integrity sha512-+NYs2QeMWy+GWFOEm9xnn6HCDp0l7QBD7ml8zLUmJ+93Q5NF0NocErnwkTkXVFNiX3/fpC6afS8Dhb/gz7R7eg==
