# THIS IS AN AUTOGENERATED FILE. DO NOT EDIT THIS FILE DIRECTLY.
# yarn lockfile v1


"@memsdb/backup-void@^0.3.0":
  version "0.3.0"
  resolved "https://registry.yarnpkg.com/@memsdb/backup-void/-/backup-void-0.3.0.tgz#78d4a0703a5d710b86dc954d62c9bbc3f8d19b3f"
  integrity sha512-MyM1g+wymfdjnbcX5F1SGKjW2Xg5+2y3jqaG9iHo3a5PQZdFndml/XUZxY15S3QVD+fC8aWtLj39ZD2AA8RB/g==

"@memsdb/storage-memory@^0.3.0":
  version "0.3.0"
  resolved "https://registry.yarnpkg.com/@memsdb/storage-memory/-/storage-memory-0.3.0.tgz#9a444e6f9026e905befc4aa1396cab47e29a7c67"
  integrity sha512-nxVfmPkd5kVGrCMiW+hRRUl5KZB8KlX1ShFhizMsKV29u0s24yandZOLEPYCUX0uR9D20WPycg7Pn3xN+v5Gqw==

"@memsdb/types@^0.3.0":
  version "0.3.0"
  resolved "https://registry.yarnpkg.com/@memsdb/types/-/types-0.3.0.tgz#cd34e946eda40b98836fe37af68c2727d8ed198d"
  integrity sha512-TAJ8B0ZV5ZFQ/ueL6ZE7kMwHwWfjnIK1nPGWcaG7pUeRuF1ydss2ZSV8j0pIMP3TjRv0LdKsdJdeU6yeRyoYWw==

"@types/debug@^4.1.6":
  version "4.1.6"
  resolved "https://registry.yarnpkg.com/@types/debug/-/debug-4.1.6.tgz#0b7018723084918a865eff99249c490505df2163"
  integrity sha512-7fDOJFA/x8B+sO1901BmHlf5dE1cxBU8mRXj8QOEDnn16hhGJv/IHxJtZhvsabZsIMn0eLIyeOKAeqSNJJYTpA==

"@types/uuid@^8.3.1":
  version "8.3.1"
  resolved "https://registry.yarnpkg.com/@types/uuid/-/uuid-8.3.1.tgz#1a32969cf8f0364b3d8c8af9cc3555b7805df14f"
  integrity sha512-Y2mHTRAbqfFkpjldbkHGY8JIzRN6XqYRliG8/24FcHm2D2PwW24fl5xMRTVGdrb7iMrwCaIEbLWerGIkXuFWVg==

debug@^4.3.1:
  version "4.3.2"
  resolved "https://registry.yarnpkg.com/debug/-/debug-4.3.2.tgz#f0a49c18ac8779e31d4a0c6029dfb76873c7428b"
  integrity sha512-mOp8wKcvj7XxC78zLgw/ZA+6TSgkoE2C/ienthhRD298T7UNwAg9diBpLRxC0mOezLl4B0xV7M0cCO6P/O0Xhw==
  dependencies:
    ms "2.1.2"

ms@2.1.2:
  version "2.1.2"
  resolved "https://registry.yarnpkg.com/ms/-/ms-2.1.2.tgz#d09d1f357b443f493382a8eb3ccd183872ae6009"
  integrity sha512-sGkPx+VjMtmA6MX27oA4FBFELFCZZ4S4XqeGOXCv68tT+jb3vk/RyaKWP0PTKyWtmLSM0b+adUTEvbs1PEaH2w==

smoldash@^0.9.0:
  version "0.9.0"
  resolved "https://registry.yarnpkg.com/smoldash/-/smoldash-0.9.0.tgz#50a7e7a5768a1bf286fd21c08a2b0fbb78d1806e"
  integrity sha512-9697pcbRjPMJ0fS1FKw+wgEFaRJ75nAy/XQy9ifR1D25CBHdxvqxw469Kkd0NZhCjh7Sc1wbwpQQhXrd+xg/7g==

typescript@^4.3.5:
  version "4.3.5"
  resolved "https://registry.yarnpkg.com/typescript/-/typescript-4.3.5.tgz#4d1c37cc16e893973c45a06886b7113234f119f4"
  integrity sha512-DqQgihaQ9cUrskJo9kIyW/+g0Vxsk8cDtZ52a3NGh0YNTfpUSArXSohyUGnvbPazEPLu398C0UxmKSOrPumUzA==

uuid@^8.3.2:
  version "8.3.2"
  resolved "https://registry.yarnpkg.com/uuid/-/uuid-8.3.2.tgz#80d5b5ced271bb9af6c445f21a1a04c606cefbe2"
  integrity sha512-+NYs2QeMWy+GWFOEm9xnn6HCDp0l7QBD7ml8zLUmJ+93Q5NF0NocErnwkTkXVFNiX3/fpC6afS8Dhb/gz7R7eg==
