# THIS IS AN AUTOGENERATED FILE. DO NOT EDIT THIS FILE DIRECTLY.
# yarn lockfile v1


"@memsdb/backup-void@^0.1.0":
  version "0.1.0"
  resolved "https://registry.yarnpkg.com/@memsdb/backup-void/-/backup-void-0.1.0.tgz#2d1f719f27342bbfa6f601903ff71cd13d1227dc"
  integrity sha512-EIYK8gAg40vl3KB3xWWPjyFrgiNxsO+0xNhMlXvz1BcAGOGLTS44xfaS12o/IPZhPrU774H0/KbQNg+xZuAt9g==

"@memsdb/core@^0.1.1":
  version "0.1.1"
  resolved "https://registry.yarnpkg.com/@memsdb/core/-/core-0.1.1.tgz#edf8ec45c3d3b607ca62586b2246bcf1782c8d60"
  integrity sha512-+NpyhN7XzsLlL8nChHVzHG0flHPYIwdW5DS5ud2CDonNrZtMQ2Wqk08RBMZwqv+M0e2w5+Ww3TeAAN2lq/gs1A==
  dependencies:
    "@memsdb/backup-void" "^0.1.0"
    "@memsdb/storage-memory" "^0.1.0"
    "@memsdb/utils" "^0.1.0"
    debug "^4.3.1"
    smoldash "^0.9.0"
    uuid "^8.3.2"

"@memsdb/storage-memory@^0.1.0":
  version "0.1.0"
  resolved "https://registry.yarnpkg.com/@memsdb/storage-memory/-/storage-memory-0.1.0.tgz#d1c6236fea0dfa31154fb5dea3ca2be26f00dfa8"
  integrity sha512-di9k6/3j74izkn5FOxkZ+5JuQzVeaB/fdmGKmBJrEHyhlpmxdePgkQXdPBxEi/1qlZjku1Yp7zxHnTx7bwxKyA==

"@memsdb/utils@^0.1.0":
  version "0.1.0"
  resolved "https://registry.yarnpkg.com/@memsdb/utils/-/utils-0.1.0.tgz#d0305ecd6f763c0cdf582fe32707e166979aa064"
  integrity sha512-+IMIGscTTVSeRk1sZ/V1xc0DbtDW/lCkuJKyR+bNZCB6ZnOzcNmJjx2bP9dcDUCr0QglV0M+MNIEOPvlxwE9tA==

"@tinyhttp/accepts@1.3.0":
  version "1.3.0"
  resolved "https://registry.yarnpkg.com/@tinyhttp/accepts/-/accepts-1.3.0.tgz#83951ec7c0074cfa89ee15fcdbd24f6fc2e6fd1b"
  integrity sha512-YaJ4EMgVUI6JHzWO14lr6vn/BLJEoFN4Sqd20l0/oBcLLENkP8gnPtX1jB7OhIu0AE40VCweAqvSP+0/pgzB1g==
  dependencies:
    es-mime-types "^0.0.16"
    negotiator "^0.6.2"

"@tinyhttp/app@^1.3.11":
  version "1.3.11"
  resolved "https://registry.yarnpkg.com/@tinyhttp/app/-/app-1.3.11.tgz#acc2bc6bfbb39bf65a5fde7124e4f7a5dfbcf93f"
  integrity sha512-CDQZhHXMjxseZ0VC73IcJb6Hh2C0+di9OznynMYOikG0fgCAAPRpBeHyp5vtMgfs/CzNIRZjr71JAqivpaAwXw==
  dependencies:
    "@tinyhttp/cookie" "1.3.0"
    "@tinyhttp/proxy-addr" "1.3.0"
    "@tinyhttp/req" "1.3.1"
    "@tinyhttp/res" "1.3.2"
    "@tinyhttp/router" "1.3.3"
    regexparam "^2.0.0"

"@tinyhttp/content-disposition@1.3.0":
  version "1.3.0"
  resolved "https://registry.yarnpkg.com/@tinyhttp/content-disposition/-/content-disposition-1.3.0.tgz#66e1963288dbec0b854c11dce2b10834ce72afe9"
  integrity sha512-sSj7YDVz7NcHDn6/O/I3WjtC8ZWJKKIGULoV+pgrLvJvtXK5WroE1Fm8rHRQewh2d9NMajh/7NX6NuSlF8LUaQ==

"@tinyhttp/cookie-signature@1.3.0":
  version "1.3.0"
  resolved "https://registry.yarnpkg.com/@tinyhttp/cookie-signature/-/cookie-signature-1.3.0.tgz#56511d1eb2f394afb1f818e8c3ccbb6fac45dcda"
  integrity sha512-xCQZyCT1S/Rn2Z3SX2gp4IDAwW9AUnjky6hKvqzmMaQqEbIk7e2GCOXW5yjndbfGNTJAxj0tuLNMF4G8aLkfMw==

"@tinyhttp/cookie@1.3.0":
  version "1.3.0"
  resolved "https://registry.yarnpkg.com/@tinyhttp/cookie/-/cookie-1.3.0.tgz#5a13051da80a0e340894dd3b69faa7307a7bffec"
  integrity sha512-4ZVfP8WApV9ZRchv/1i0QiKdP0wxWTUNv4ZsMQrqK0p1KXA0/SvpYUTS6bp1E6Yo0dNxcKte4wJ4FCWFDcShhQ==

"@tinyhttp/encode-url@0.3.0":
  version "0.3.0"
  resolved "https://registry.yarnpkg.com/@tinyhttp/encode-url/-/encode-url-0.3.0.tgz#8dc1bc316827cd8800f9c8a647a4896b766a9e14"
  integrity sha512-QM5j5t0GLucBuBePoOilcz1/zDpqX+LtUdtkPn7IvoHTNJYNxEfSUmIMPUPhyVY7mvbwvafPUCK8u1Byx0+NfQ==

"@tinyhttp/etag@1.3.0":
  version "1.3.0"
  resolved "https://registry.yarnpkg.com/@tinyhttp/etag/-/etag-1.3.0.tgz#523ee8da8073bd10f7154fae9c6bc9f0df680b24"
  integrity sha512-aWnDb4NuMf/UTm1H88rZgqu32E6t3iDHSHtAppiQCH4M7jRfTUEpiZjz//S+giDnOxAuYttLrXQ1+HGpgzyYUQ==

"@tinyhttp/forwarded@^1.3.0":
  version "1.3.0"
  resolved "https://registry.yarnpkg.com/@tinyhttp/forwarded/-/forwarded-1.3.0.tgz#376d4692906377d2c89eeba4af04b32982fdc2b5"
  integrity sha512-U2FPtOH+DoFtd98edMRyqiquRaiuEl5I2PMUWdKaBSpiAIR96buyanQ7hScenz1MihK0AVid7wLAviaJU+Xlyg==

"@tinyhttp/logger@^1.3.0":
  version "1.3.0"
  resolved "https://registry.yarnpkg.com/@tinyhttp/logger/-/logger-1.3.0.tgz#3924b16449277ac9e950e8d70fb26ce5d16c4327"
  integrity sha512-u8vbW8OEPur3ZlkJGNO+Nl/xw78cdIaDAcWMUEg7o3UY9L5xezMQcLBPX8ykJLEB+Yl+BDmTvt1s1LzkwM6mNQ==
  dependencies:
    colorette "^1.2.2"
    dayjs "^1.10.4"
    http-status-emojis "^2.2.0"

"@tinyhttp/proxy-addr@1.3.0":
  version "1.3.0"
  resolved "https://registry.yarnpkg.com/@tinyhttp/proxy-addr/-/proxy-addr-1.3.0.tgz#f1310f30acdf6bfbf08babb17ff3d94fb1fb81e9"
  integrity sha512-7Kv6YIC/PlhUwyqAGXhg4DoQDOzbYlcGPkNv/KZAMFj9fZ6IEZyneyaClnD21hMT8qa7g3Z/66hxLa/WxiPAYA==
  dependencies:
    "@tinyhttp/forwarded" "^1.3.0"
    ipaddr.js "^2.0.0"

"@tinyhttp/req@1.3.1":
  version "1.3.1"
  resolved "https://registry.yarnpkg.com/@tinyhttp/req/-/req-1.3.1.tgz#b6d13aa90fe42234a046000199824ffd83851ee2"
  integrity sha512-nNIf3OGBtiQ9WRdqAH/cqwRXgIjQi9oQYslHdGsOzu79MZRvbkco+6FUEYvkQ9N6rLfAL+xjAXkCUk+gDJ0eLA==
  dependencies:
    "@tinyhttp/accepts" "1.3.0"
    "@tinyhttp/type-is" "1.3.0"
    "@tinyhttp/url" "1.3.1"
    es-fresh "^0.0.8"
    range-parser "^1.2.1"

"@tinyhttp/res@1.3.2":
  version "1.3.2"
  resolved "https://registry.yarnpkg.com/@tinyhttp/res/-/res-1.3.2.tgz#8c1971f7c897d724d6d6520c16a9d224846c3a7f"
  integrity sha512-5dl9dcBBAIEBNfiR4PodVJc/u8fJIePGdL3eqnlavdXJ2rWV3T6MfwCq4Cd6CV4RRJHbYfsj24Hl3iEYFmhJmg==
  dependencies:
    "@tinyhttp/content-disposition" "1.3.0"
    "@tinyhttp/cookie" "1.3.0"
    "@tinyhttp/cookie-signature" "1.3.0"
    "@tinyhttp/encode-url" "0.3.0"
    "@tinyhttp/req" "1.3.1"
    "@tinyhttp/send" "1.3.1"
    es-mime-types "^0.0.16"
    es-vary "^0.0.8"
    escape-html "^1.0.3"

"@tinyhttp/router@1.3.3":
  version "1.3.3"
  resolved "https://registry.yarnpkg.com/@tinyhttp/router/-/router-1.3.3.tgz#8193153c88d0dbbe4aafde91b117147d56380189"
  integrity sha512-Wjch7WR8DDkQm5xeNy4i/RrYQGmNrUhqzqls+UBZW14mULjUUtKoTlDOg59RxsPx2NmzdoDbIW4jTpbw+VyNHg==

"@tinyhttp/send@1.3.1":
  version "1.3.1"
  resolved "https://registry.yarnpkg.com/@tinyhttp/send/-/send-1.3.1.tgz#ba964680c719783091064df7fd31d084e55ef498"
  integrity sha512-72JvdTkpaSZoSxqhNHc2rEjJDkwAmL5azuIcZOrd+CzQV1etn4gZcdzIoHBBl4iGrrCNKZSPEgQNpWhhjeASpQ==
  dependencies:
    "@tinyhttp/etag" "1.3.0"
    es-content-type "^0.0.10"
    es-mime-types "^0.0.16"

"@tinyhttp/type-is@1.3.0":
  version "1.3.0"
  resolved "https://registry.yarnpkg.com/@tinyhttp/type-is/-/type-is-1.3.0.tgz#02e61786ed7599f30e988c6351341e36bf40a895"
  integrity sha512-3NClOYPNJst9vVLcb793epRI+ZuRwl6IjxSq9LkGN8TEBbtNgv2vTmXZRWcUs2zY9Ju+NQIYecWcsG0Kx23E+g==
  dependencies:
    es-content-type "^0.0.10"
    es-mime-types "^0.0.16"

"@tinyhttp/url@1.3.1":
  version "1.3.1"
  resolved "https://registry.yarnpkg.com/@tinyhttp/url/-/url-1.3.1.tgz#c17062b438b8208d9383432030dbfc1c68787aa8"
  integrity sha512-72XRyVFLqbm8C9FQHYgfKNNIZBKuct13/EcA4tPnF9o8dIcL7UJtXCf+kQjdMZPJzJn51c451sxjm5p4dldbvQ==

"@tsconfig/node10@^1.0.7":
  version "1.0.8"
  resolved "https://registry.yarnpkg.com/@tsconfig/node10/-/node10-1.0.8.tgz#c1e4e80d6f964fbecb3359c43bd48b40f7cadad9"
  integrity sha512-6XFfSQmMgq0CFLY1MslA/CPUfhIL919M1rMsa5lP2P097N2Wd1sSX0tx1u4olM16fLNhtHZpRhedZJphNJqmZg==

"@tsconfig/node12@^1.0.7":
  version "1.0.9"
  resolved "https://registry.yarnpkg.com/@tsconfig/node12/-/node12-1.0.9.tgz#62c1f6dee2ebd9aead80dc3afa56810e58e1a04c"
  integrity sha512-/yBMcem+fbvhSREH+s14YJi18sp7J9jpuhYByADT2rypfajMZZN4WQ6zBGgBKp53NKmqI36wFYDb3yaMPurITw==

"@tsconfig/node14@^1.0.0":
  version "1.0.1"
  resolved "https://registry.yarnpkg.com/@tsconfig/node14/-/node14-1.0.1.tgz#95f2d167ffb9b8d2068b0b235302fafd4df711f2"
  integrity sha512-509r2+yARFfHHE7T6Puu2jjkoycftovhXRqW328PDXTVGKihlb1P8Z9mMZH04ebyajfRY7dedfGynlrFHJUQCg==

"@tsconfig/node16@^1.0.1":
  version "1.0.1"
  resolved "https://registry.yarnpkg.com/@tsconfig/node16/-/node16-1.0.1.tgz#a6ca6a9a0ff366af433f42f5f0e124794ff6b8f1"
  integrity sha512-FTgBI767POY/lKNDNbIzgAX6miIDBs6NTCbdlDb8TrWovHsSvaVIZDlTqym29C6UqhzwcJx4CYr+AlrMywA0cA==

arg@^4.1.0:
  version "4.1.3"
  resolved "https://registry.yarnpkg.com/arg/-/arg-4.1.3.tgz#269fc7ad5b8e42cb63c896d5666017261c144089"
  integrity sha512-58S9QDqG0Xx27YwPSt9fJxivjYl432YCwfDMfZ+71RAqUrZef7LrKQZ3LHLOwCS4FLNBplP533Zx895SeOCHvA==

buffer-equal-constant-time@1.0.1:
  version "1.0.1"
  resolved "https://registry.yarnpkg.com/buffer-equal-constant-time/-/buffer-equal-constant-time-1.0.1.tgz#f8e71132f7ffe6e01a5c9697a4c6f3e48d5cc819"
  integrity sha1-+OcRMvf/5uAaXJaXpMbz5I1cyBk=

buffer-from@^1.0.0:
  version "1.1.1"
  resolved "https://registry.yarnpkg.com/buffer-from/-/buffer-from-1.1.1.tgz#32713bc028f75c02fdb710d7c7bcec1f2c6070ef"
  integrity sha512-MQcXEUbCKtEo7bhqEs6560Hyd4XaovZlO/k9V3hjVUF/zwW7KBVdSK4gIt/bzwS9MbR5qob+F5jusZsb0YQK2A==

colorette@^1.2.2:
  version "1.2.2"
  resolved "https://registry.yarnpkg.com/colorette/-/colorette-1.2.2.tgz#cbcc79d5e99caea2dbf10eb3a26fd8b3e6acfa94"
  integrity sha512-MKGMzyfeuutC/ZJ1cba9NqcNpfeqMUcYmyF1ZFY6/Cn7CNSAKx6a+s48sqLqyAiZuaP2TcqMhoo+dlwFnVxT9w==

create-require@^1.1.0:
  version "1.1.1"
  resolved "https://registry.yarnpkg.com/create-require/-/create-require-1.1.1.tgz#c1d7e8f1e5f6cfc9ff65f9cd352d37348756c333"
  integrity sha512-dcKFX3jn0MpIaXjisoRvexIJVEKzaq7z2rZKxf+MSr9TkdmHmsU4m2lcLojrj/FHl8mk5VxMmYA+ftRkP/3oKQ==

cross-spawn@^7.0.3:
  version "7.0.3"
  resolved "https://registry.yarnpkg.com/cross-spawn/-/cross-spawn-7.0.3.tgz#f73a85b9d5d41d045551c177e2882d4ac85728a6"
  integrity sha512-iRDPJKUPVEND7dHPO8rkbOnPpyDygcDFtWjpeWNCgy8WP2rXcxXL8TskReQl6OrB2G7+UJrags1q15Fudc7G6w==
  dependencies:
    path-key "^3.1.0"
    shebang-command "^2.0.0"
    which "^2.0.1"

dayjs@^1.10.4:
  version "1.10.5"
  resolved "https://registry.yarnpkg.com/dayjs/-/dayjs-1.10.5.tgz#5600df4548fc2453b3f163ebb2abbe965ccfb986"
  integrity sha512-BUFis41ikLz+65iH6LHQCDm4YPMj5r1YFLdupPIyM4SGcXMmtiLQ7U37i+hGS8urIuqe7I/ou3IS1jVc4nbN4g==

debug@^4.3.1:
  version "4.3.1"
  resolved "https://registry.yarnpkg.com/debug/-/debug-4.3.1.tgz#f0d229c505e0c6d8c49ac553d1b13dc183f6b2ee"
  integrity sha512-doEwdvm4PCeK4K3RQN2ZC2BYUBaxwLARCqZmMjtF8a51J2Rb0xpVloFRnCODwqjpwnAoao4pelN8l3RJdv3gRQ==
  dependencies:
    ms "2.1.2"

diff@^4.0.1:
  version "4.0.2"
  resolved "https://registry.yarnpkg.com/diff/-/diff-4.0.2.tgz#60f3aecb89d5fae520c11aa19efc2bb982aade7d"
  integrity sha512-58lmxKSA4BNyLz+HHMUzlOEpg09FV+ev6ZMe3vJihgdxzgcwZ8VoEEPmALCZG9LmqfVoNMMKpttIYTVG6uDY7A==

ecdsa-sig-formatter@1.0.11:
  version "1.0.11"
  resolved "https://registry.yarnpkg.com/ecdsa-sig-formatter/-/ecdsa-sig-formatter-1.0.11.tgz#ae0f0fa2d85045ef14a817daa3ce9acd0489e5bf"
  integrity sha512-nagl3RYrbNv6kQkeJIpt6NJZy8twLB/2vtz6yN9Z4vRKHN4/QZJIEbqohALSgwKdnksuY3k5Addp5lg8sVoVcQ==
  dependencies:
    safe-buffer "^5.0.1"

es-content-type@^0.0.10:
  version "0.0.10"
  resolved "https://registry.yarnpkg.com/es-content-type/-/es-content-type-0.0.10.tgz#98ffeacf8399eaa080c521fe751144a8cc0f3222"
  integrity sha512-yCgcv1M2IuFUoGZ3zE4OR2INGmZOwEuyaE5WX4MOKGpJcO8JXgVOIcXVicwnTqlxvx6qs9IJGl/Rr1+YtCkRgg==

es-fresh@^0.0.8:
  version "0.0.8"
  resolved "https://registry.yarnpkg.com/es-fresh/-/es-fresh-0.0.8.tgz#d4ac7157161362abb8c7fb53b0477bd55308fd5d"
  integrity sha512-ZM+K/T/zHJVuOhaz19iymidACazB1fl2uihBtSfRie8YzN1YM+KldVmNaU+GSmVvTOPSO2utKOhxcOinr5tKjw==

es-mime-types@^0.0.16:
  version "0.0.16"
  resolved "https://registry.yarnpkg.com/es-mime-types/-/es-mime-types-0.0.16.tgz#2626ea0d99b3862addd5b25023b6ed6b2195cfc8"
  integrity sha512-84QoSLeA7cdTeHpALFNl3ZOstXfvLt426/kaOgmSxmNUOhi4GesKVkhJgIfnsqGNziYezVA8rvZUsXj7oWX2qQ==
  dependencies:
    mime-db "^1.44.0"

es-vary@^0.0.8:
  version "0.0.8"
  resolved "https://registry.yarnpkg.com/es-vary/-/es-vary-0.0.8.tgz#4dc62235dda14e51e16b6690e564a9e5d40e3df0"
  integrity sha512-fiERjQiCHrXUAToNRT/sh7MtXnfei9n7cF9oVQRUEp9L5BGXsTKSPaXq8L+4v0c/ezfvuTWd/f0JSl5IBRUvSg==

esbuild-node-loader@^0.1.1:
  version "0.1.1"
  resolved "https://registry.yarnpkg.com/esbuild-node-loader/-/esbuild-node-loader-0.1.1.tgz#b43937133e70435f9dd1dc058a5ac27ccc7addbe"
  integrity sha512-n24xYzMfKmPupUZgs0QYBr52HUSh1M1vDtBfkEVa6pdENqo5+U5WP+zaj4Iw2MinuYk1axLW8+NVutrBCkrdmA==
  dependencies:
    esbuild "^0.12.6"

esbuild-register@^2.6.0:
  version "2.6.0"
  resolved "https://registry.yarnpkg.com/esbuild-register/-/esbuild-register-2.6.0.tgz#9f19a54c82be751dd87673d6a66d7b9e1cdd8498"
  integrity sha512-2u4AtnCXP5nivtIxZryiZOUcEQkOzFS7UhAqibUEmaTAThJ48gDLYTBF/Fsz+5r0hbV1jrFE6PQvPDUrKZNt/Q==
  dependencies:
    esbuild "^0.12.8"
    jsonc-parser "^3.0.0"

esbuild@^0.12.6, esbuild@^0.12.8:
  version "0.12.11"
  resolved "https://registry.yarnpkg.com/esbuild/-/esbuild-0.12.11.tgz#ab24f78cabf481e7dc747e7db15f9c5091beaa14"
  integrity sha512-h83GwI6lYOrnSv5hSY2i2XZ191v3haj2IGDzwrkfWHhuO/kVMX3RYjhwRNG9E5VSxVLPaUjTVwrv8HWLvhk2nQ==

escape-html@^1.0.3:
  version "1.0.3"
  resolved "https://registry.yarnpkg.com/escape-html/-/escape-html-1.0.3.tgz#0258eae4d3d0c0974de1c169188ef0051d1d1988"
  integrity sha1-Aljq5NPQwJdN4cFpGI7wBR0dGYg=

esno@^0.7.3:
  version "0.7.3"
  resolved "https://registry.yarnpkg.com/esno/-/esno-0.7.3.tgz#e99b063241d0527df4de2c69471dfe91c00a314b"
  integrity sha512-ONTHZLBipMC9uK9oqASzqYGCrjcqp/N0NXt/Q0WpYw/Ikm9he+rYER2ATx6czaFcMvwrbIXBlNe9hSEiTrNKow==
  dependencies:
    cross-spawn "^7.0.3"
    esbuild "^0.12.8"
    esbuild-node-loader "^0.1.1"
    esbuild-register "^2.6.0"

http-status-emojis@^2.2.0:
  version "2.2.0"
  resolved "https://registry.yarnpkg.com/http-status-emojis/-/http-status-emojis-2.2.0.tgz#2cf3316f0c1610c4fc94c6fccdada35aa70f992a"
  integrity sha512-ompKtgwpx8ff0hsbpIB7oE4ax1LXoHmftsHHStMELX56ivG3GhofTX8ZHWlUaFKfGjcGjw6G3rPk7dJRXMmbbg==

ipaddr.js@^2.0.0:
  version "2.0.1"
  resolved "https://registry.yarnpkg.com/ipaddr.js/-/ipaddr.js-2.0.1.tgz#eca256a7a877e917aeb368b0a7497ddf42ef81c0"
  integrity sha512-1qTgH9NG+IIJ4yfKs2e6Pp1bZg8wbDbKHT21HrLIeYBTRLgMYKnMTPAuI3Lcs61nfx5h1xlXnbJtH1kX5/d/ng==

isexe@^2.0.0:
  version "2.0.0"
  resolved "https://registry.yarnpkg.com/isexe/-/isexe-2.0.0.tgz#e8fbf374dc556ff8947a10dcb0572d633f2cfa10"
  integrity sha1-6PvzdNxVb/iUehDcsFctYz8s+hA=

jsonc-parser@^3.0.0:
  version "3.0.0"
  resolved "https://registry.yarnpkg.com/jsonc-parser/-/jsonc-parser-3.0.0.tgz#abdd785701c7e7eaca8a9ec8cf070ca51a745a22"
  integrity sha512-fQzRfAbIBnR0IQvftw9FJveWiHp72Fg20giDrHz6TdfB12UH/uue0D3hm57UB5KgAVuniLMCaS8P1IMj9NR7cA==

jsonwebtoken@^8.5.1:
  version "8.5.1"
  resolved "https://registry.yarnpkg.com/jsonwebtoken/-/jsonwebtoken-8.5.1.tgz#00e71e0b8df54c2121a1f26137df2280673bcc0d"
  integrity sha512-XjwVfRS6jTMsqYs0EsuJ4LGxXV14zQybNd4L2r0UvbVnSF9Af8x7p5MzbJ90Ioz/9TI41/hTCvznF/loiSzn8w==
  dependencies:
    jws "^3.2.2"
    lodash.includes "^4.3.0"
    lodash.isboolean "^3.0.3"
    lodash.isinteger "^4.0.4"
    lodash.isnumber "^3.0.3"
    lodash.isplainobject "^4.0.6"
    lodash.isstring "^4.0.1"
    lodash.once "^4.0.0"
    ms "^2.1.1"
    semver "^5.6.0"

jwa@^1.4.1:
  version "1.4.1"
  resolved "https://registry.yarnpkg.com/jwa/-/jwa-1.4.1.tgz#743c32985cb9e98655530d53641b66c8645b039a"
  integrity sha512-qiLX/xhEEFKUAJ6FiBMbes3w9ATzyk5W7Hvzpa/SLYdxNtng+gcurvrI7TbACjIXlsJyr05/S1oUhZrc63evQA==
  dependencies:
    buffer-equal-constant-time "1.0.1"
    ecdsa-sig-formatter "1.0.11"
    safe-buffer "^5.0.1"

jws@^3.2.2:
  version "3.2.2"
  resolved "https://registry.yarnpkg.com/jws/-/jws-3.2.2.tgz#001099f3639468c9414000e99995fa52fb478304"
  integrity sha512-YHlZCB6lMTllWDtSPHz/ZXTsi8S00usEV6v1tjq8tOUZzw7DpSDWVXjXDre6ed1w/pd495ODpHZYSdkRTsa0HA==
  dependencies:
    jwa "^1.4.1"
    safe-buffer "^5.0.1"

lodash.includes@^4.3.0:
  version "4.3.0"
  resolved "https://registry.yarnpkg.com/lodash.includes/-/lodash.includes-4.3.0.tgz#60bb98a87cb923c68ca1e51325483314849f553f"
  integrity sha1-YLuYqHy5I8aMoeUTJUgzFISfVT8=

lodash.isboolean@^3.0.3:
  version "3.0.3"
  resolved "https://registry.yarnpkg.com/lodash.isboolean/-/lodash.isboolean-3.0.3.tgz#6c2e171db2a257cd96802fd43b01b20d5f5870f6"
  integrity sha1-bC4XHbKiV82WgC/UOwGyDV9YcPY=

lodash.isinteger@^4.0.4:
  version "4.0.4"
  resolved "https://registry.yarnpkg.com/lodash.isinteger/-/lodash.isinteger-4.0.4.tgz#619c0af3d03f8b04c31f5882840b77b11cd68343"
  integrity sha1-YZwK89A/iwTDH1iChAt3sRzWg0M=

lodash.isnumber@^3.0.3:
  version "3.0.3"
  resolved "https://registry.yarnpkg.com/lodash.isnumber/-/lodash.isnumber-3.0.3.tgz#3ce76810c5928d03352301ac287317f11c0b1ffc"
  integrity sha1-POdoEMWSjQM1IwGsKHMX8RwLH/w=

lodash.isplainobject@^4.0.6:
  version "4.0.6"
  resolved "https://registry.yarnpkg.com/lodash.isplainobject/-/lodash.isplainobject-4.0.6.tgz#7c526a52d89b45c45cc690b88163be0497f550cb"
  integrity sha1-fFJqUtibRcRcxpC4gWO+BJf1UMs=

lodash.isstring@^4.0.1:
  version "4.0.1"
  resolved "https://registry.yarnpkg.com/lodash.isstring/-/lodash.isstring-4.0.1.tgz#d527dfb5456eca7cc9bb95d5daeaf88ba54a5451"
  integrity sha1-1SfftUVuynzJu5XV2ur4i6VKVFE=

lodash.once@^4.0.0:
  version "4.1.1"
  resolved "https://registry.yarnpkg.com/lodash.once/-/lodash.once-4.1.1.tgz#0dd3971213c7c56df880977d504c88fb471a97ac"
  integrity sha1-DdOXEhPHxW34gJd9UEyI+0cal6w=

make-error@^1.1.1:
  version "1.3.6"
  resolved "https://registry.yarnpkg.com/make-error/-/make-error-1.3.6.tgz#2eb2e37ea9b67c4891f684a1394799af484cf7a2"
  integrity sha512-s8UhlNe7vPKomQhC1qFelMokr/Sc3AgNbso3n74mVPA5LTZwkB9NlXf4XPamLxJE8h0gh73rM94xvwRT2CVInw==

memsdb-plugin-http@../:
  version "0.1.0"
  dependencies:
    "@memsdb/core" "^0.1.1"
    "@memsdb/utils" "^0.1.0"
    "@tinyhttp/app" "^1.3.11"
    "@tinyhttp/logger" "^1.3.0"
    debug "^4.3.1"
    jsonwebtoken "^8.5.1"
    milliparsec "^2.2.0"
    smoldash "^0.9.0"
    uuid "^8.3.2"

milliparsec@^2.2.0:
  version "2.2.0"
  resolved "https://registry.yarnpkg.com/milliparsec/-/milliparsec-2.2.0.tgz#795b5dcb031c315ef01f1e088383c3e5a40c175b"
  integrity sha512-XSFb2bjkmLSd76HEOvZSe+Ei6eWNeDpVU+f8w/XniI+xJlTacuVWCjB61kZNMbjJLcRPHpupfe4PBnDpM19xcA==

mime-db@^1.44.0:
  version "1.48.0"
  resolved "https://registry.yarnpkg.com/mime-db/-/mime-db-1.48.0.tgz#e35b31045dd7eada3aaad537ed88a33afbef2d1d"
  integrity sha512-FM3QwxV+TnZYQ2aRqhlKBMHxk10lTbMt3bBkMAp54ddrNeVSfcQYOOKuGuy3Ddrm38I04If834fOUSq1yzslJQ==

ms@2.1.2:
  version "2.1.2"
  resolved "https://registry.yarnpkg.com/ms/-/ms-2.1.2.tgz#d09d1f357b443f493382a8eb3ccd183872ae6009"
  integrity sha512-sGkPx+VjMtmA6MX27oA4FBFELFCZZ4S4XqeGOXCv68tT+jb3vk/RyaKWP0PTKyWtmLSM0b+adUTEvbs1PEaH2w==

ms@^2.1.1:
  version "2.1.3"
  resolved "https://registry.yarnpkg.com/ms/-/ms-2.1.3.tgz#574c8138ce1d2b5861f0b44579dbadd60c6615b2"
  integrity sha512-6FlzubTLZG3J2a/NVCAleEhjzq5oxgHyaCU9yYXvcLsvoVaHJq/s5xXI6/XXP6tz7R9xAOtHnSO/tXtF3WRTlA==

negotiator@^0.6.2:
  version "0.6.2"
  resolved "https://registry.yarnpkg.com/negotiator/-/negotiator-0.6.2.tgz#feacf7ccf525a77ae9634436a64883ffeca346fb"
  integrity sha512-hZXc7K2e+PgeI1eDBe/10Ard4ekbfrrqG8Ep+8Jmf4JID2bNg7NvCPOZN+kfF574pFQI7mum2AUqDidoKqcTOw==

path-key@^3.1.0:
  version "3.1.1"
  resolved "https://registry.yarnpkg.com/path-key/-/path-key-3.1.1.tgz#581f6ade658cbba65a0d3380de7753295054f375"
  integrity sha512-ojmeN0qd+y0jszEtoY48r0Peq5dwMEkIlCOu6Q5f41lfkswXuKtYrhgoTpLnyIcHm24Uhqx+5Tqm2InSwLhE6Q==

range-parser@^1.2.1:
  version "1.2.1"
  resolved "https://registry.yarnpkg.com/range-parser/-/range-parser-1.2.1.tgz#3cf37023d199e1c24d1a55b84800c2f3e6468031"
  integrity sha512-Hrgsx+orqoygnmhFbKaHE6c296J+HTAQXoxEF6gNupROmmGJRoyzfG3ccAveqCBrwr/2yxQ5BVd/GTl5agOwSg==

regexparam@^2.0.0:
  version "2.0.0"
  resolved "https://registry.yarnpkg.com/regexparam/-/regexparam-2.0.0.tgz#059476767d5f5f87f735fc7922d133fd1a118c8c"
  integrity sha512-gJKwd2MVPWHAIFLsaYDZfyKzHNS4o7E/v8YmNf44vmeV2e4YfVoDToTOKTvE7ab68cRJ++kLuEXJBaEeJVt5ow==

safe-buffer@^5.0.1:
  version "5.2.1"
  resolved "https://registry.yarnpkg.com/safe-buffer/-/safe-buffer-5.2.1.tgz#1eaf9fa9bdb1fdd4ec75f58f9cdb4e6b7827eec6"
  integrity sha512-rp3So07KcdmmKbGvgaNxQSJr7bGVSVk5S9Eq1F+ppbRo70+YeaDxkw5Dd8NPN+GD6bjnYm2VuPuCXmpuYvmCXQ==

semver@^5.6.0:
  version "5.7.1"
  resolved "https://registry.yarnpkg.com/semver/-/semver-5.7.1.tgz#a954f931aeba508d307bbf069eff0c01c96116f7"
  integrity sha512-sauaDf/PZdVgrLTNYHRtpXa1iRiKcaebiKQ1BJdpQlWH2lCvexQdX55snPFyK7QzpudqbCI0qXFfOasHdyNDGQ==

shebang-command@^2.0.0:
  version "2.0.0"
  resolved "https://registry.yarnpkg.com/shebang-command/-/shebang-command-2.0.0.tgz#ccd0af4f8835fbdc265b82461aaf0c36663f34ea"
  integrity sha512-kHxr2zZpYtdmrN1qDjrrX/Z1rR1kG8Dx+gkpK1G4eXmvXswmcE1hTWBWYUzlraYw1/yZp6YuDY77YtvbN0dmDA==
  dependencies:
    shebang-regex "^3.0.0"

shebang-regex@^3.0.0:
  version "3.0.0"
  resolved "https://registry.yarnpkg.com/shebang-regex/-/shebang-regex-3.0.0.tgz#ae16f1644d873ecad843b0307b143362d4c42172"
  integrity sha512-7++dFhtcx3353uBaq8DDR4NuxBetBzC7ZQOhmTQInHEd6bSrXdiEyzCvG07Z44UYdLShWUyXt5M/yhz8ekcb1A==

smoldash@^0.9.0:
  version "0.9.0"
  resolved "https://registry.yarnpkg.com/smoldash/-/smoldash-0.9.0.tgz#50a7e7a5768a1bf286fd21c08a2b0fbb78d1806e"
  integrity sha512-9697pcbRjPMJ0fS1FKw+wgEFaRJ75nAy/XQy9ifR1D25CBHdxvqxw469Kkd0NZhCjh7Sc1wbwpQQhXrd+xg/7g==

source-map-support@^0.5.17:
  version "0.5.19"
  resolved "https://registry.yarnpkg.com/source-map-support/-/source-map-support-0.5.19.tgz#a98b62f86dcaf4f67399648c085291ab9e8fed61"
  integrity sha512-Wonm7zOCIJzBGQdB+thsPar0kYuCIzYvxZwlBa87yi/Mdjv7Tip2cyVbLj5o0cFPN4EVkuTwb3GDDyUx2DGnGw==
  dependencies:
    buffer-from "^1.0.0"
    source-map "^0.6.0"

source-map@^0.6.0:
  version "0.6.1"
  resolved "https://registry.yarnpkg.com/source-map/-/source-map-0.6.1.tgz#74722af32e9614e9c287a8d0bbde48b5e2f1a263"
  integrity sha512-UjgapumWlbMhkBgzT7Ykc5YXUT46F0iKu8SGXq0bcwP5dz/h0Plj6enJqjz1Zbq2l5WaqYnrVbwWOWMyF3F47g==

ts-node@^10.0.0:
  version "10.0.0"
  resolved "https://registry.yarnpkg.com/ts-node/-/ts-node-10.0.0.tgz#05f10b9a716b0b624129ad44f0ea05dac84ba3be"
  integrity sha512-ROWeOIUvfFbPZkoDis0L/55Fk+6gFQNZwwKPLinacRl6tsxstTF1DbAcLKkovwnpKMVvOMHP1TIbnwXwtLg1gg==
  dependencies:
    "@tsconfig/node10" "^1.0.7"
    "@tsconfig/node12" "^1.0.7"
    "@tsconfig/node14" "^1.0.0"
    "@tsconfig/node16" "^1.0.1"
    arg "^4.1.0"
    create-require "^1.1.0"
    diff "^4.0.1"
    make-error "^1.1.1"
    source-map-support "^0.5.17"
    yn "3.1.1"

uuid@^8.3.2:
  version "8.3.2"
  resolved "https://registry.yarnpkg.com/uuid/-/uuid-8.3.2.tgz#80d5b5ced271bb9af6c445f21a1a04c606cefbe2"
  integrity sha512-+NYs2QeMWy+GWFOEm9xnn6HCDp0l7QBD7ml8zLUmJ+93Q5NF0NocErnwkTkXVFNiX3/fpC6afS8Dhb/gz7R7eg==

which@^2.0.1:
  version "2.0.2"
  resolved "https://registry.yarnpkg.com/which/-/which-2.0.2.tgz#7c6a8dd0a636a0327e10b59c9286eee93f3f51b1"
  integrity sha512-BLI3Tl1TW3Pvl70l3yq3Y64i+awpwXqsGBYWkkqMtnbXgrMD+yj7rhW0kuEDxzJaYXGjEW5ogapKNMEKNMjibA==
  dependencies:
    isexe "^2.0.0"

yn@3.1.1:
  version "3.1.1"
  resolved "https://registry.yarnpkg.com/yn/-/yn-3.1.1.tgz#1e87401a09d767c1d5eab26a6e4c185182d2eb50"
  integrity sha512-Ux4ygGWsu2c7isFWe8Yu1YluJmqVhxqK2cLXNQA5AcC3QfbGNpM7fu0Y8b/z16pXLnFxZYvWhd3fhBY9DLmC6Q==
